
Microsoft Visual Studio Solution File, Format Version 12.00
# Visual Studio Version 17
VisualStudioVersion = 17.9.34728.123
MinimumVisualStudioVersion = 10.0.40219.1
Project("{FAE04EC0-301F-11D3-BF4B-00C04F79EFBC}") = "Practos 4.11", "Practos 4.11\Practos 4.11.csproj", "{2EEC3E81-DFEA-4AB1-BB67-403DCCE9D552}"
EndProject
Global
	GlobalSection(SolutionConfigurationPlatforms) = preSolution
		Debug|Any CPU = Debug|Any CPU
		Release|Any CPU = Release|Any CPU
	EndGlobalSection
	GlobalSection(ProjectConfigurationPlatforms) = postSolution
		{2EEC3E81-DFEA-4AB1-BB67-403DCCE9D552}.Debug|Any CPU.ActiveCfg = Debug|Any CPU
		{2EEC3E81-DFEA-4AB1-BB67-403DCCE9D552}.Debug|Any CPU.Build.0 = Debug|Any CPU
		{2EEC3E81-DFEA-4AB1-BB67-403DCCE9D552}.Release|Any CPU.ActiveCfg = Release|Any CPU
		{2EEC3E81-DFEA-4AB1-BB67-403DCCE9D552}.Release|Any CPU.Build.0 = Release|Any CPU
	EndGlobalSection
	GlobalSection(SolutionProperties) = preSolution
		HideSolutionNode = FALSE
	EndGlobalSection
	GlobalSection(ExtensibilityGlobals) = postSolution
		SolutionGuid = {3B607C8B-F1E1-4A16-95A7-A74DA4263B78}
	EndGlobalSection
EndGlobal
